lockfileVersion: '9.0'

settings:
  autoInstallPeers: true
  excludeLinksFromLockfile: false

importers:

  .:
    dependencies:
      '@fast-csv/parse':
        specifier: ^5.0.7
        version: 5.0.7

packages:

  '@fast-csv/parse@5.0.7':
    resolution: {integrity: sha512-MeuDeQj0DVmIGWky8STaKtvj232Gpq8kjrOGplHJ99Os7OO5CetVfXvUGqX/3GHYFOUsz6FK8isWtDY2XTFNWw==}

  lodash.escaperegexp@4.1.2:
    resolution: {integrity: sha512-TM9YBvyC84ZxE3rgfefxUWiQKLilstD6k7PTGt6wfbtXF8ixIJLOL3VYyV/z+ZiPLsVxAsKAFVwWlWeb2Y8Yyw==}

  lodash.groupby@4.6.0:
    resolution: {integrity: sha512-5dcWxm23+VAoz+awKmBaiBvzox8+RqMgFhi7UvX9DHZr2HdxHXM/Wrf8cfKpsW37RNrvtPn6hSwNqurSILbmJw==}

  lodash.uniq@4.5.0:
    resolution: {integrity: sha512-xfBaXQd9ryd9dlSDvnvI0lvxfLJlYAZzXomUYzLKtUeOQvOP5piqAWuGtrhWeqaXK9hhoM/iyJc5AV+XfsX3HQ==}

snapshots:

  '@fast-csv/parse@5.0.7':
    dependencies:
      lodash.escaperegexp: 4.1.2
      lodash.groupby: 4.6.0
      lodash.uniq: 4.5.0

  lodash.escaperegexp@4.1.2: {}

  lodash.groupby@4.6.0: {}

  lodash.uniq@4.5.0: {}
